{
    "name": "reze-engine",
    "version": "0.14.0",
    "lockfileVersion": 3,
    "requires": true,
    "packages": {
        "": {
            "name": "reze-engine",
            "version": "0.14.0",
            "license": "MIT",
            "dependencies": {
                "@fred3d/ammo": "^1.0.0",
                "@webgpu/types": "^0.1.66",
                "encoding-japanese": "^2.2.0"
            },
            "devDependencies": {
                "@types/node": "^20",
                "typescript": "^5"
            }
        },
        "node_modules/@fred3d/ammo": {
            "version": "1.0.0",
            "resolved": "https://registry.npmjs.org/@fred3d/ammo/-/ammo-1.0.0.tgz",
            "integrity": "sha512-1fwb3fTj9son3Tfl5EO2emCt051pisC7vBkVYrlfSSIK4smD7ZyqY1pwgN8I2aXh0KAKWOEzaVtYyfbu+qfNWQ==",
            "engines": {
                "node": ">=14.0.0"
            }
        },
        "node_modules/@types/node": {
            "version": "20.19.24",
            "resolved": "https://registry.npmjs.org/@types/node/-/node-20.19.24.tgz",
            "integrity": "sha512-FE5u0ezmi6y9OZEzlJfg37mqqf6ZDSF2V/NLjUyGrR9uTZ7Sb9F7bLNZ03S4XVUNRWGA7Ck4c1kK+YnuWjl+DA==",
            "dev": true,
            "dependencies": {
                "undici-types": "~6.21.0"
            }
        },
        "node_modules/@webgpu/types": {
            "version": "0.1.66",
            "resolved": "https://registry.npmjs.org/@webgpu/types/-/types-0.1.66.tgz",
            "integrity": "sha512-YA2hLrwLpDsRueNDXIMqN9NTzD6bCDkuXbOSe0heS+f8YE8usA6Gbv1prj81pzVHrbaAma7zObnIC+I6/sXJgA=="
        },
        "node_modules/encoding-japanese": {
            "version": "2.2.0",
            "resolved": "https://registry.npmjs.org/encoding-japanese/-/encoding-japanese-2.2.0.tgz",
            "integrity": "sha512-EuJWwlHPZ1LbADuKTClvHtwbaFn4rOD+dRAbWysqEOXRc2Uui0hJInNJrsdH0c+OhJA4nrCBdSkW4DD5YxAo6A==",
            "license": "MIT",
            "engines": {
                "node": ">=8.10.0"
            }
        },
        "node_modules/typescript": {
            "version": "5.9.3",
            "resolved": "https://registry.npmjs.org/typescript/-/typescript-5.9.3.tgz",
            "integrity": "sha512-jl1vZzPDinLr9eUt3J/t7V6FgNEw9QjvBPdysz9KfQDD41fQrC2Y4vKQdiaUpFT4bXlb1RHhLpp8wtm6M5TgSw==",
            "dev": true,
            "bin": {
                "tsc": "bin/tsc",
                "tsserver": "bin/tsserver"
            },
            "engines": {
                "node": ">=14.17"
            }
        },
        "node_modules/undici-types": {
            "version": "6.21.0",
            "resolved": "https://registry.npmjs.org/undici-types/-/undici-types-6.21.0.tgz",
            "integrity": "sha512-iwDZqg0QAGrg9Rav5H4n0M64c3mkR59cJ6wQp+7C4nI0gsmExaedaYLNO44eT4AtBBwjbTiGPMlt2Md0T9H9JQ==",
            "dev": true
        }
    }
}
